// !$*UTF8*$!
{
	archiveVersion = 1;
	classes = {
	};
	objectVersion = 46;
	objects = {

/* Begin PBXBuildFile section */
		F4011C361A1F180800BFE0EC /* AppDelegate.swift in Sources */ = {isa = PBXBuildFile; fileRef = F4011C351A1F180800BFE0EC /* AppDelegate.swift */; };
		F4011C381A1F180800BFE0EC /* ViewController.swift in Sources */ = {isa = PBXBuildFile; fileRef = F4011C371A1F180800BFE0EC /* ViewController.swift */; };
		F4011C3B1A1F180800BFE0EC /* Main.storyboard in Resources */ = {isa = PBXBuildFile; fileRef = F4011C391A1F180800BFE0EC /* Main.storyboard */; };
		F4011C3D1A1F180800BFE0EC /* Images.xcassets in Resources */ = {isa = PBXBuildFile; fileRef = F4011C3C1A1F180800BFE0EC /* Images.xcassets */; };
		F4011C401A1F180800BFE0EC /* LaunchScreen.xib in Resources */ = {isa = PBXBuildFile; fileRef = F4011C3E1A1F180800BFE0EC /* LaunchScreen.xib */; };
		F4011C4C1A1F180800BFE0EC /* DebuggingProjectTests.swift in Sources */ = {isa = PBXBuildFile; fileRef = F4011C4B1A1F180800BFE0EC /* DebuggingProjectTests.swift */; };
/* End PBXBuildFile section */

/* Begin PBXContainerItemProxy section */
		F4011C461A1F180800BFE0EC /* PBXContainerItemProxy */ = {
			isa = PBXContainerItemProxy;
			containerPortal = F4011C281A1F180800BFE0EC /* Project object */;
			proxyType = 1;
			remoteGlobalIDString = F4011C2F1A1F180800BFE0EC;
			remoteInfo = DebuggingProject;
		};
/* End PBXContainerItemProxy section */

/* Begin PBXFileReference section */
		F4011C301A1F180800BFE0EC /* DebuggingProject.app */ = {isa = PBXFileReference; explicitFileType = wrapper.application; includeInIndex = 0; path = DebuggingProject.app; sourceTree = BUILT_PRODUCTS_DIR; };
		F4011C341A1F180800BFE0EC /* Info.plist */ = {isa = PBXFileReference; lastKnownFileType = text.plist.xml; path = Info.plist; sourceTree = "<group>"; };
		F4011C351A1F180800BFE0EC /* AppDelegate.swift */ = {isa = PBXFileReference; lastKnownFileType = sourcecode.swift; path = AppDelegate.swift; sourceTree = "<group>"; };
		F4011C371A1F180800BFE0EC /* ViewController.swift */ = {isa = PBXFileReference; lastKnownFileType = sourcecode.swift; path = ViewController.swift; sourceTree = "<group>"; };
		F4011C3A1A1F180800BFE0EC /* Base */ = {isa = PBXFileReference; lastKnownFileType = file.storyboard; name = Base; path = Base.lproj/Main.storyboard; sourceTree = "<group>"; };
		F4011C3C1A1F180800BFE0EC /* Images.xcassets */ = {isa = PBXFileReference; lastKnownFileType = folder.assetcatalog; path = Images.xcassets; sourceTree = "<group>"; };
		F4011C3F1A1F180800BFE0EC /* Base */ = {isa = PBXFileReference; lastKnownFileType = file.xib; name = Base; path = Base.lproj/LaunchScreen.xib; sourceTree = "<group>"; };
		F4011C451A1F180800BFE0EC /* DebuggingProjectTests.xctest */ = {isa = PBXFileReference; explicitFileType = wrapper.cfbundle; includeInIndex = 0; path = DebuggingProjectTests.xctest; sourceTree = BUILT_PRODUCTS_DIR; };
		F4011C4A1A1F180800BFE0EC /* Info.plist */ = {isa = PBXFileReference; lastKnownFileType = text.plist.xml; path = Info.plist; sourceTree = "<group>"; };
		F4011C4B1A1F180800BFE0EC /* DebuggingProjectTests.swift */ = {isa = PBXFileReference; lastKnownFileType = sourcecode.swift; path = DebuggingProjectTests.swift; sourceTree = "<group>"; };
/* End PBXFileReference section */

/* Begin PBXFrameworksBuildPhase section */
		F4011C2D1A1F180800BFE0EC /* Frameworks */ = {
			isa = PBXFrameworksBuildPhase;
			buildActionMask = 2147483647;
			files = (
			);
			runOnlyForDeploymentPostprocessing = 0;
		};
		F4011C421A1F180800BFE0EC /* Frameworks */ = {
			isa = PBXFrameworksBuildPhase;
			buildActionMask = 2147483647;
			files = (
			);
			runOnlyForDeploymentPostprocessing = 0;
		};
/* End PBXFrameworksBuildPhase section */

/* Begin PBXGroup section */
		F4011C271A1F180800BFE0EC = {
			isa = PBXGroup;
			children = (
				F4011C321A1F180800BFE0EC /* DebuggingProject */,
				F4011C481A1F180800BFE0EC /* DebuggingProjectTests */,
				F4011C311A1F180800BFE0EC /* Products */,
			);
			sourceTree = "<group>";
		};
		F4011C311A1F180800BFE0EC /* Products */ = {
			isa = PBXGroup;
			children = (
				F4011C301A1F180800BFE0EC /* DebuggingProject.app */,
				F4011C451A1F180800BFE0EC /* DebuggingProjectTests.xctest */,
			);
			name = Products;
			sourceTree = "<group>";
		};
		F4011C321A1F180800BFE0EC /* DebuggingProject */ = {
			isa = PBXGroup;
			children = (
				F4011C351A1F180800BFE0EC /* AppDelegate.swift */,
				F4011C371A1F180800BFE0EC /* ViewController.swift */,
				F4011C391A1F180800BFE0EC /* Main.storyboard */,
				F4011C3C1A1F180800BFE0EC /* Images.xcassets */,
				F4011C3E1A1F180800BFE0EC /* LaunchScreen.xib */,
				F4011C331A1F180800BFE0EC /* Supporting Files */,
			);
			path = DebuggingProject;
			sourceTree = "<group>";
		};
		F4011C331A1F180800BFE0EC /* Supporting Files */ = {
			isa = PBXGroup;
			children = (
				F4011C341A1F180800BFE0EC /* Info.plist */,
			);
			name = "Supporting Files";
			sourceTree = "<group>";
		};
		F4011C481A1F180800BFE0EC /* DebuggingProjectTests */ = {
			isa = PBXGroup;
			children = (
				F4011C4B1A1F180800BFE0EC /* DebuggingProjectTests.swift */,
				F4011C491A1F180800BFE0EC /* Supporting Files */,
			);
			path = DebuggingProjectTests;
			sourceTree = "<group>";
		};
		F4011C491A1F180800BFE0EC /* Supporting Files */ = {
			isa = PBXGroup;
			children = (
				F4011C4A1A1F180800BFE0EC /* Info.plist */,
			);
			name = "Supporting Files";
			sourceTree = "<group>";
		};
/* End PBXGroup section */

/* Begin PBXNativeTarget section */
		F4011C2F1A1F180800BFE0EC /* DebuggingProject */ = {
			isa = PBXNativeTarget;
			buildConfigurationList = F4011C4F1A1F180800BFE0EC /* Build configuration list for PBXNativeTarget "DebuggingProject" */;
			buildPhases = (
				F4011C2C1A1F180800BFE0EC /* Sources */,
				F4011C2D1A1F180800BFE0EC /* Frameworks */,
				F4011C2E1A1F180800BFE0EC /* Resources */,
			);
			buildRules = (
			);
			dependencies = (
			);
			name = DebuggingProject;
			productName = DebuggingProject;
			productReference = F4011C301A1F180800BFE0EC /* DebuggingProject.app */;
			productType = "com.apple.product-type.application";
		};
		F4011C441A1F180800BFE0EC /* DebuggingProjectTests */ = {
			isa = PBXNativeTarget;
			buildConfigurationList = F4011C521A1F180800BFE0EC /* Build configuration list for PBXNativeTarget "DebuggingProjectTests" */;
			buildPhases = (
				F4011C411A1F180800BFE0EC /* Sources */,
				F4011C421A1F180800BFE0EC /* Frameworks */,
				F4011C431A1F180800BFE0EC /* Resources */,
			);
			buildRules = (
			);
			dependencies = (
				F4011C471A1F180800BFE0EC /* PBXTargetDependency */,
			);
			name = DebuggingProjectTests;
			productName = DebuggingProjectTests;
			productReference = F4011C451A1F180800BFE0EC /* DebuggingProjectTests.xctest */;
			productType = "com.apple.product-type.bundle.unit-test";
		};
/* End PBXNativeTarget section */

/* Begin PBXProject section */
		F4011C281A1F180800BFE0EC /* Project object */ = {
			isa = PBXProject;
			attributes = {
				LastUpgradeCheck = 0610;
				ORGANIZATIONNAME = "Piotr Prosol";
				TargetAttributes = {
					F4011C2F1A1F180800BFE0EC = {
						CreatedOnToolsVersion = 6.1;
					};
					F4011C441A1F180800BFE0EC = {
						CreatedOnToolsVersion = 6.1;
						TestTargetID = F4011C2F1A1F180800BFE0EC;
					};
				};
			};
			buildConfigurationList = F4011C2B1A1F180800BFE0EC /* Build configuration list for PBXProject "DebuggingProject" */;
			compatibilityVersion = "Xcode 3.2";
			developmentRegion = English;
			hasScannedForEncodings = 0;
			knownRegions = (
				en,
				Base,
			);
			mainGroup = F4011C271A1F180800BFE0EC;
			productRefGroup = F4011C311A1F180800BFE0EC /* Products */;
			projectDirPath = "";
			projectRoot = "";
			targets = (
				F4011C2F1A1F180800BFE0EC /* DebuggingProject */,
				F4011C441A1F180800BFE0EC /* DebuggingProjectTests */,
			);
		};
/* End PBXProject section */

/* Begin PBXResourcesBuildPhase section */
		F4011C2E1A1F180800BFE0EC /* Resources */ = {
			isa = PBXResourcesBuildPhase;
			buildActionMask = 2147483647;
			files = (
				F4011C3B1A1F180800BFE0EC /* Main.storyboard in Resources */,
				F4011C401A1F180800BFE0EC /* LaunchScreen.xib in Resources */,
				F4011C3D1A1F180800BFE0EC /* Images.xcassets in Resources */,
			);
			runOnlyForDeploymentPostprocessing = 0;
		};
		F4011C431A1F180800BFE0EC /* Resources */ = {
			isa = PBXResourcesBuildPhase;
			buildActionMask = 2147483647;
			files = (
			);
			runOnlyForDeploymentPostprocessing = 0;
		};
/* End PBXResourcesBuildPhase section */

/* Begin PBXSourcesBuildPhase section */
		F4011C2C1A1F180800BFE0EC /* Sources */ = {
			isa = PBXSourcesBuildPhase;
			buildActionMask = 2147483647;
			files = (
				F4011C381A1F180800BFE0EC /* ViewController.swift in Sources */,
				F4011C361A1F180800BFE0EC /* AppDelegate.swift in Sources */,
			);
			runOnlyForDeploymentPostprocessing = 0;
		};
		F4011C411A1F180800BFE0EC /* Sources */ = {
			isa = PBXSourcesBuildPhase;
			buildActionMask = 2147483647;
			files = (
				F4011C4C1A1F180800BFE0EC /* DebuggingProjectTests.swift in Sources */,
			);
			runOnlyForDeploymentPostprocessing = 0;
		};
/* End PBXSourcesBuildPhase section */

/* Begin PBXTargetDependency section */
		F4011C471A1F180800BFE0EC /* PBXTargetDependency */ = {
			isa = PBXTargetDependency;
			target = F4011C2F1A1F180800BFE0EC /* DebuggingProject */;
			targetProxy = F4011C461A1F180800BFE0EC /* PBXContainerItemProxy */;
		};
/* End PBXTargetDependency section */

/* Begin PBXVariantGroup section */
		F4011C391A1F180800BFE0EC /* Main.storyboard */ = {
			isa = PBXVariantGroup;
			children = (
				F4011C3A1A1F180800BFE0EC /* Base */,
			);
			name = Main.storyboard;
			sourceTree = "<group>";
		};
		F4011C3E1A1F180800BFE0EC /* LaunchScreen.xib */ = {
			isa = PBXVariantGroup;
			children = (
				F4011C3F1A1F180800BFE0EC /* Base */,
			);
			name = LaunchScreen.xib;
			sourceTree = "<group>";
		};
/* End PBXVariantGroup section */

/* Begin XCBuildConfiguration section */
		F4011C4D1A1F180800BFE0EC /* Debug */ = {
			isa = XCBuildConfiguration;
			buildSettings = {
				ALWAYS_SEARCH_USER_PATHS = NO;
				CLANG_CXX_LANGUAGE_STANDARD = "gnu++0x";
				CLANG_CXX_LIBRARY = "libc++";
				CLANG_ENABLE_MODULES = YES;
				CLANG_ENABLE_OBJC_ARC = YES;
				CLANG_WARN_BOOL_CONVERSION = YES;
				CLANG_WARN_CONSTANT_CONVERSION = YES;
				CLANG_WARN_DIRECT_OBJC_ISA_USAGE = YES_ERROR;
				CLANG_WARN_EMPTY_BODY = YES;
				CLANG_WARN_ENUM_CONVERSION = YES;
				CLANG_WARN_INT_CONVERSION = YES;
				CLANG_WARN_OBJC_ROOT_CLASS = YES_ERROR;
				CLANG_WARN_UNREACHABLE_CODE = YES;
				CLANG_WARN__DUPLICATE_METHOD_MATCH = YES;
				"CODE_SIGN_IDENTITY[sdk=iphoneos*]" = "iPhone Developer";
				COPY_PHASE_STRIP = NO;
				ENABLE_STRICT_OBJC_MSGSEND = YES;
				GCC_C_LANGUAGE_STANDARD = gnu99;
				GCC_DYNAMIC_NO_PIC = NO;
				GCC_OPTIMIZATION_LEVEL = 0;
				GCC_PREPROCESSOR_DEFINITIONS = (
					"DEBUG=1",
					"$(inherited)",
				);
				GCC_SYMBOLS_PRIVATE_EXTERN = NO;
				GCC_WARN_64_TO_32_BIT_CONVERSION = YES;
				GCC_WARN_ABOUT_RETURN_TYPE = YES_ERROR;
				GCC_WARN_UNDECLARED_SELECTOR = YES;
				GCC_WARN_UNINITIALIZED_AUTOS = YES_AGGRESSIVE;
				GCC_WARN_UNUSED_FUNCTION = YES;
				GCC_WARN_UNUSED_VARIABLE = YES;
				IPHONEOS_DEPLOYMENT_TARGET = 8.1;
				MTL_ENABLE_DEBUG_INFO = YES;
				ONLY_ACTIVE_ARCH = YES;
				SDKROOT = iphoneos;
				SWIFT_OPTIMIZATION_LEVEL = "-Onone";
			};
			name = Debug;
		};
		F4011C4E1A1F180800BFE0EC /* Release */ = {
			isa = XCBuildConfiguration;
			buildSettings = {
				ALWAYS_SEARCH_USER_PATHS = NO;
				CLANG_CXX_LANGUAGE_STANDARD = "gnu++0x";
				CLANG_CXX_LIBRARY = "libc++";
				CLANG_ENABLE_MODULES = YES;
				CLANG_ENABLE_OBJC_ARC = YES;
				CLANG_WARN_BOOL_CONVERSION = YES;
				CLANG_WARN_CONSTANT_CONVERSION = YES;
				CLANG_WARN_DIRECT_OBJC_ISA_USAGE = YES_ERROR;
				CLANG_WARN_EMPTY_BODY = YES;
				CLANG_WARN_ENUM_CONVERSION = YES;
				CLANG_WARN_INT_CONVERSION = YES;
				CLANG_WARN_OBJC_ROOT_CLASS = YES_ERROR;
				CLANG_WARN_UNREACHABLE_CODE = YES;
				CLANG_WARN__DUPLICATE_METHOD_MATCH = YES;
				"CODE_SIGN_IDENTITY[sdk=iphoneos*]" = "iPhone Developer";
				COPY_PHASE_STRIP = YES;
				ENABLE_NS_ASSERTIONS = NO;
				ENABLE_STRICT_OBJC_MSGSEND = YES;
				GCC_C_LANGUAGE_STANDARD = gnu99;
				GCC_WARN_64_TO_32_BIT_CONVERSION = YES;
				GCC_WARN_ABOUT_RETURN_TYPE = YES_ERROR;
				GCC_WARN_UNDECLARED_SELECTOR = YES;
				GCC_WARN_UNINITIALIZED_AUTOS = YES_AGGRESSIVE;
				GCC_WARN_UNUSED_FUNCTION = YES;
				GCC_WARN_UNUSED_VARIABLE = YES;
				IPHONEOS_DEPLOYMENT_TARGET = 8.1;
				MTL_ENABLE_DEBUG_INFO = NO;
				SDKROOT = iphoneos;
				VALIDATE_PRODUCT = YES;
			};
			name = Release;
		};
		F4011C501A1F180800BFE0EC /* Debug */ = {
			isa = XCBuildConfiguration;
			buildSettings = {
				ASSETCATALOG_COMPILER_APPICON_NAME = AppIcon;
				INFOPLIST_FILE = DebuggingProject/Info.plist;
				LD_RUNPATH_SEARCH_PATHS = "$(inherited) @executable_path/Frameworks";
				PRODUCT_NAME = "$(TARGET_NAME)";
			};
			name = Debug;
		};
		F4011C511A1F180800BFE0EC /* Release */ = {
			isa = XCBuildConfiguration;
			buildSettings = {
				ASSETCATALOG_COMPILER_APPICON_NAME = AppIcon;
				INFOPLIST_FILE = DebuggingProject/Info.plist;
				LD_RUNPATH_SEARCH_PATHS = "$(inherited) @executable_path/Frameworks";
				PRODUCT_NAME = "$(TARGET_NAME)";
			};
			name = Release;
		};
		F4011C531A1F180800BFE0EC /* Debug */ = {
			isa = XCBuildConfiguration;
			buildSettings = {
				BUNDLE_LOADER = "$(TEST_HOST)";
				FRAMEWORK_SEARCH_PATHS = (
					"$(SDKROOT)/Developer/Library/Frameworks",
					"$(inherited)",
				);
				GCC_PREPROCESSOR_DEFINITIONS = (
					"DEBUG=1",
					"$(inherited)",
				);
				INFOPLIST_FILE = DebuggingProjectTests/Info.plist;
				LD_RUNPATH_SEARCH_PATHS = "$(inherited) @executable_path/Frameworks @loader_path/Frameworks";
				PRODUCT_NAME = "$(TARGET_NAME)";
				TEST_HOST = "$(BUILT_PRODUCTS_DIR)/DebuggingProject.app/DebuggingProject";
			};
			name = Debug;
		};
		F4011C541A1F180800BFE0EC /* Release */ = {
			isa = XCBuildConfiguration;
			buildSettings = {
				BUNDLE_LOADER = "$(TEST_HOST)";
				FRAMEWORK_SEARCH_PATHS = (
					"$(SDKROOT)/Developer/Library/Frameworks",
					"$(inherited)",
				);
				INFOPLIST_FILE = DebuggingProjectTests/Info.plist;
				LD_RUNPATH_SEARCH_PATHS = "$(inherited) @executable_path/Frameworks @loader_path/Frameworks";
				PRODUCT_NAME = "$(TARGET_NAME)";
				TEST_HOST = "$(BUILT_PRODUCTS_DIR)/DebuggingProject.app/DebuggingProject";
			};
			name = Release;
		};
/* End XCBuildConfiguration section */

/* Begin XCConfigurationList section */
		F4011C2B1A1F180800BFE0EC /* Build configuration list for PBXProject "DebuggingProject" */ = {
			isa = XCConfigurationList;
			buildConfigurations = (
				F4011C4D1A1F180800BFE0EC /* Debug */,
				F4011C4E1A1F180800BFE0EC /* Release */,
			);
			defaultConfigurationIsVisible = 0;
			defaultConfigurationName = Release;
		};
		F4011C4F1A1F180800BFE0EC /* Build configuration list for PBXNativeTarget "DebuggingProject" */ = {
			isa = XCConfigurationList;
			buildConfigurations = (
				F4011C501A1F180800BFE0EC /* Debug */,
				F4011C511A1F180800BFE0EC /* Release */,
			);
			defaultConfigurationIsVisible = 0;
			defaultConfigurationName = Release;
		};
		F4011C521A1F180800BFE0EC /* Build configuration list for PBXNativeTarget "DebuggingProjectTests" */ = {
			isa = XCConfigurationList;
			buildConfigurations = (
				F4011C531A1F180800BFE0EC /* Debug */,
				F4011C541A1F180800BFE0EC /* Release */,
			);
			defaultConfigurationIsVisible = 0;
			defaultConfigurationName = Release;
		};
/* End XCConfigurationList section */
	};
	rootObject = F4011C281A1F180800BFE0EC /* Project object */;
}
